version = 1
revision = 3
requires-python = ">=3.14"

[[package]]
name = "asgiref"
version = "3.12.1"
source = { registry = "https://pypi.org/simple" }
sdist = { url = "https://files.pythonhosted.org/packages/e6/26/3b59f2bdae5f640389becb1f673cded775287f5fc4f816309d9ca9a3f93d/asgiref-3.12.1.tar.gz", hash = "sha256:59dcb51c272ad209d59bed5708a64a333083e86017d7fcdd67498eeab7784340", size = 42378, upload-time = "2026-07-14T09:56:18.087Z" }
wheels = [
    { url = "https://files.pythonhosted.org/packages/c0/1b/54f4ad77cd8a584fa70746c47df988e002cf1ee1eba43364d46f87803647/asgiref-3.12.1-py3-none-any.whl", hash = "sha256:fe386d1c2bff7259ea95929266d12a8cf9a8b5a1c2598402967d8792e7a7c094", size = 25478, upload-time = "2026-07-14T09:56:16.926Z" },
]

[[package]]
name = "brotli"
version = "1.2.0"
source = { registry = "https://pypi.org/simple" }
sdist = { url = "https://files.pythonhosted.org/packages/f7/16/c92ca344d646e71a43b8bb353f0a6490d7f6e06210f8554c8f874e454285/brotli-1.2.0.tar.gz", hash = "sha256:e310f77e41941c13340a95976fe66a8a95b01e783d430eeaf7a2f87e0a57dd0a", size = 7388632, upload-time = "2025-11-05T18:39:42.86Z" }
wheels = [
    { url = "https://files.pythonhosted.org/packages/17/e1/298c2ddf786bb7347a1cd71d63a347a79e5712a7c0cba9e3c3458ebd976f/brotli-1.2.0-cp314-cp314-macosx_10_15_universal2.whl", hash = "sha256:6c12dad5cd04530323e723787ff762bac749a7b256a5bece32b2243dd5c27b21", size = 863080, upload-time = "2025-11-05T18:38:45.503Z" },
    { url = "https://files.pythonhosted.org/packages/84/0c/aac98e286ba66868b2b3b50338ffbd85a35c7122e9531a73a37a29763d38/brotli-1.2.0-cp314-cp314-macosx_10_15_x86_64.whl", hash = "sha256:3219bd9e69868e57183316ee19c84e03e8f8b5a1d1f2667e1aa8c2f91cb061ac", size = 445453, upload-time = "2025-11-05T18:38:46.433Z" },
    { url = "https://files.pythonhosted.org/packages/ec/f1/0ca1f3f99ae300372635ab3fe2f7a79fa335fee3d874fa7f9e68575e0e62/brotli-1.2.0-cp314-cp314-manylinux2014_aarch64.manylinux_2_17_aarch64.manylinux_2_28_aarch64.whl", hash = "sha256:963a08f3bebd8b75ac57661045402da15991468a621f014be54e50f53a58d19e", size = 1528168, upload-time = "2025-11-05T18:38:47.371Z" },
    { url = "https://files.pythonhosted.org/packages/d6/a6/2ebfc8f766d46df8d3e65b880a2e220732395e6d7dc312c1e1244b0f074a/brotli-1.2.0-cp314-cp314-manylinux2014_ppc64le.manylinux_2_17_ppc64le.manylinux_2_28_ppc64le.whl", hash = "sha256:9322b9f8656782414b37e6af884146869d46ab85158201d82bab9abbcb971dc7", size = 1627098, upload-time = "2025-11-05T18:38:48.385Z" },
    { url = "https://files.pythonhosted.org/packages/f3/2f/0976d5b097ff8a22163b10617f76b2557f15f0f39d6a0fe1f02b1a53e92b/brotli-1.2.0-cp314-cp314-manylinux2014_x86_64.manylinux_2_17_x86_64.whl", hash = "sha256:cf9cba6f5b78a2071ec6fb1e7bd39acf35071d90a81231d67e92d637776a6a63", size = 1419861, upload-time = "2025-11-05T18:38:49.372Z" },
    { url = "https://files.pythonhosted.org/packages/9c/97/d76df7176a2ce7616ff94c1fb72d307c9a30d2189fe877f3dd99af00ea5a/brotli-1.2.0-cp314-cp314-musllinux_1_2_aarch64.whl", hash = "sha256:7547369c4392b47d30a3467fe8c3330b4f2e0f7730e45e3103d7d636678a808b", size = 1484594, upload-time = "2025-11-05T18:38:50.655Z" },
    { url = "https://files.pythonhosted.org/packages/d3/93/14cf0b1216f43df5609f5b272050b0abd219e0b54ea80b47cef9867b45e7/brotli-1.2.0-cp314-cp314-musllinux_1_2_ppc64le.whl", hash = "sha256:fc1530af5c3c275b8524f2e24841cbe2599d74462455e9bae5109e9ff42e9361", size = 1593455, upload-time = "2025-11-05T18:38:51.624Z" },
    { url = "https://files.pythonhosted.org/packages/b3/73/3183c9e41ca755713bdf2cc1d0810df742c09484e2e1ddd693bee53877c1/brotli-1.2.0-cp314-cp314-musllinux_1_2_x86_64.whl", hash = "sha256:d2d085ded05278d1c7f65560aae97b3160aeb2ea2c0b3e26204856beccb60888", size = 1488164, upload-time = "2025-11-05T18:38:53.079Z" },
    { url = "https://files.pythonhosted.org/packages/64/6a/0c78d8f3a582859236482fd9fa86a65a60328a00983006bcf6d83b7b2253/brotli-1.2.0-cp314-cp314-win32.whl", hash = "sha256:832c115a020e463c2f67664560449a7bea26b0c1fdd690352addad6d0a08714d", size = 339280, upload-time = "2025-11-05T18:38:54.02Z" },
    { url = "https://files.pythonhosted.org/packages/f5/10/56978295c14794b2c12007b07f3e41ba26acda9257457d7085b0bb3bb90c/brotli-1.2.0-cp314-cp314-win_amd64.whl", hash = "sha256:e7c0af964e0b4e3412a0ebf341ea26ec767fa0b4cf81abb5e897c9338b5ad6a3", size = 375639, upload-time = "2025-11-05T18:38:55.67Z" },
]

[[package]]
name = "click"
version = "8.5.0"
source = { registry = "https://pypi.org/simple" }
sdist = { url = "https://files.pythonhosted.org/packages/c7/0e/7fa0ef50764b67090eca4114772a2abf8b6148198475e54c660b97caeee6/click-8.5.0.tar.gz", hash = "sha256:ba0d2089de75ea0310e2dde03160e6ca10009947fb95a182f9b54021bb272e34", size = 382235, upload-time = "2026-08-26T13:33:14.56Z" }
wheels = [
    { url = "https://files.pythonhosted.org/packages/58/50/6c0d534c5f134586a8e1ba4e330569e32f057e33372ae556463212fb4cd3/click-8.5.0-py3-none-any.whl", hash = "sha256:255bc9599cf7748b4b1a446ccc735421bd08a2ae529a8b88597d3de5664ee360", size = 125251, upload-time = "2026-08-26T13:33:12.928Z" },
]

[[package]]
name = "django"
version = "6.1"
source = { registry = "https://pypi.org/simple" }
dependencies = [
    { name = "asgiref" },
    { name = "sqlparse" },
    { name = "tzdata", marker = "sys_platform == 'win32'" },
]
sdist = { url = "https://files.pythonhosted.org/packages/e2/42/6cb20996733984c1f6661daeda3877990836c76c633c6c8879d39f7120eb/django-6.1.tar.gz", hash = "sha256:86a2aacd59b817e4d6ac2ebfe22356c58f66f7b24e503f71b7c2fead677ee48b", size = 11223034, upload-time = "2026-08-05T19:21:53.789Z" }
wheels = [
    { url = "https://files.pythonhosted.org/packages/91/9c/ce847620134cfab903e75690c498af73b46abbede2912ea89bd76d5c1e76/django-6.1-py3-none-any.whl", hash = "sha256:6c132cd980c9392b06807d4ca52d72530d631dc65a85d9dacede00a780cefbbe", size = 8417399, upload-time = "2026-08-05T19:21:47.285Z" },
]

[[package]]
name = "django-click"
version = "2.5.0"
source = { registry = "https://pypi.org/simple" }
dependencies = [
    { name = "click" },
]
sdist = { url = "https://files.pythonhosted.org/packages/fc/e9/80f860c3f2bb9bdcc58de6b9578bbc6b4a57bedefdc97211e736fb960380/django_click-2.5.0.tar.gz", hash = "sha256:60d346a04d0db991d0bb31754c0dcad282643aa26a4701ca5ff5df742a7473f8", size = 7251, upload-time = "2026-01-10T13:19:37.958Z" }
wheels = [
    { url = "https://files.pythonhosted.org/packages/27/43/a8eedd594b0f1d5e736ad5afd48ff4431566d2760b79115af40d8b4e950a/django_click-2.5.0-py3-none-any.whl", hash = "sha256:6bcb71d0bac47f67b91d9ee1972d881d72b5bf20cd2a45a57265cdfac49b88aa", size = 7887, upload-time = "2026-01-10T13:19:37.13Z" },
]

[[package]]
name = "django-environ"
version = "0.14.0"
source = { registry = "https://pypi.org/simple" }
sdist = { url = "https://files.pythonhosted.org/packages/57/e1/4c4ddcf6e90f023e89edb1d92f9a7fffce61ad4b691df497f2f5c0be6e26/django_environ-0.14.0.tar.gz", hash = "sha256:b6c48d93b9d2ff8a3ea14099e90c35aa4f101c1b4d5f262dfee0d27b06742ed7", size = 60417, upload-time = "2026-06-18T22:49:55.847Z" }
wheels = [
    { url = "https://files.pythonhosted.org/packages/1a/fe/67b423fc30f16d10259e901320fbc121746bf168aaaad9043e6ebb0110c1/django_environ-0.14.0-py3-none-any.whl", hash = "sha256:8dbe8a57f0a540ab8abd6f54f230de5e99e3a2c9d797cb9caecb037bca3d47d8", size = 20934, upload-time = "2026-06-18T22:49:54.355Z" },
]

[[package]]
name = "django-tailwind-cli"
version = "4.8.0"
source = { registry = "https://pypi.org/simple" }
dependencies = [
    { name = "click" },
    { name = "django" },
    { name = "django-click" },
    { name = "semver" },
]
sdist = { url = "https://files.pythonhosted.org/packages/f1/14/5e161990f173ec8f4ec906d2f6055cb20376e5d4ee2b84cb18393b3b976f/django_tailwind_cli-4.8.0.tar.gz", hash = "sha256:d97b465272a67db96a86532a20658b72f3c31e64b7f788f77ec2ab059c3deb64", size = 165998, upload-time = "2026-08-30T11:12:41.467Z" }
wheels = [
    { url = "https://files.pythonhosted.org/packages/07/fd/454bad110a4276e709dfeeff14b00af653d6eb426aba21444f480e954dda/django_tailwind_cli-4.8.0-py3-none-any.whl", hash = "sha256:04adb4cecd1c2165e517e05f756e055bf1004159f52f00808a459a2e7cf580fa", size = 54108, upload-time = "2026-08-30T11:12:40.029Z" },
]

[[package]]
name = "gunicorn"
version = "26.2.0"
source = { registry = "https://pypi.org/simple" }
sdist = { url = "https://files.pythonhosted.org/packages/d9/8a/e4ef6ee11701b6cd64702848415ffb69eeff85cb388a3c6c7fe86f22f3f8/gunicorn-26.2.0.tar.gz", hash = "sha256:62b864895d9ebff0b2f9867ba04fe811c93121596540830c9c916d0769668447", size = 787921, upload-time = "2026-08-24T15:05:59.3Z" }
wheels = [
    { url = "https://files.pythonhosted.org/packages/fe/85/7522a52e5e2f42faf1a129113ab63e548c42e103e9af395b7bfe65e403e2/gunicorn-26.2.0-py3-none-any.whl", hash = "sha256:bd249d0b3f7972f7432f0a6b6ff3b3ee2d129f70cd1ff6c09a9dd9e29a2b88e3", size = 228389, upload-time = "2026-08-24T15:05:57.67Z" },
]

[[package]]
name = "psycopg"
version = "3.3.4"
source = { registry = "https://pypi.org/simple" }
dependencies = [
    { name = "tzdata", marker = "sys_platform == 'win32'" },
]
sdist = { url = "https://files.pythonhosted.org/packages/db/2f/cb91e5502ec9de1de6f1b76cfbf69531932725361168bb06963620c77e2e/psycopg-3.3.4.tar.gz", hash = "sha256:e21207764952cff81b6b8bdacad9a3939f2793367fdac2987b3aac36a651b5bc", size = 165799, upload-time = "2026-05-01T23:31:55.179Z" }
wheels = [
    { url = "https://files.pythonhosted.org/packages/5c/e0/7b3dee031daae7743609ce3c746565d4a3ed7c2c186479eb48e34e838c64/psycopg-3.3.4-py3-none-any.whl", hash = "sha256:b6bbc25ccf05c8fad3b061d9db2ef0909a555171b84b07f29458a447253d679a", size = 213001, upload-time = "2026-05-01T23:20:50.816Z" },
]

[package.optional-dependencies]
binary = [
    { name = "psycopg-binary", marker = "implementation_name != 'pypy'" },
]

[[package]]
name = "psycopg-binary"
version = "3.3.4"
source = { registry = "https://pypi.org/simple" }
wheels = [
    { url = "https://files.pythonhosted.org/packages/48/a6/828c9185701dab71b234c2a76c38a08b098ebfec5020716b4e93807492b5/psycopg_binary-3.3.4-cp314-cp314-macosx_10_15_x86_64.whl", hash = "sha256:28b7398fdd19db3232c884fb24550bdfe951221f510e195e233299e4c9b78f97", size = 4607292, upload-time = "2026-05-01T23:30:38.962Z" },
    { url = "https://files.pythonhosted.org/packages/92/58/5b40dbc9d839045c9dae956960e4fb6d20bcabe6c59a2aa34fc3a371913f/psycopg_binary-3.3.4-cp314-cp314-macosx_11_0_arm64.whl", hash = "sha256:1fbaa292a3c8bb61b45df1ad3da1908ccee7cb889db9425e3557d9e34e2a4829", size = 4687023, upload-time = "2026-05-01T23:30:47.227Z" },
    { url = "https://files.pythonhosted.org/packages/85/a9/793f0ac107a9003b48441d0d1f9f616d96e0f37458dd8dc12528ceff55fb/psycopg_binary-3.3.4-cp314-cp314-manylinux2014_ppc64le.manylinux_2_17_ppc64le.whl", hash = "sha256:94596f9e7633ee3f6440711d43bb70aa31cc0a46a900ab8b4201a366ace5c9e7", size = 5486985, upload-time = "2026-05-01T23:30:55.517Z" },
    { url = "https://files.pythonhosted.org/packages/8f/26/42e8533497e2592334f68ec529cf5f840f7fa4e99575a4bb61aa184dbfbf/psycopg_binary-3.3.4-cp314-cp314-manylinux2014_x86_64.manylinux_2_17_x86_64.whl", hash = "sha256:8c0056529e68dbe9184cd4019a1f3d8f3a4ead2f6fc7a5afcf27d3314edd1277", size = 5168745, upload-time = "2026-05-01T23:31:01.904Z" },
    { url = "https://files.pythonhosted.org/packages/15/af/b7151776cc08d5935d45c833ec818a9beb417cf7c08239af1aafbdae78ee/psycopg_binary-3.3.4-cp314-cp314-manylinux_2_27_aarch64.manylinux_2_28_aarch64.whl", hash = "sha256:2c09aad7051326e7603c14e50636db9c01f78272dc54b3accff03d46370461e6", size = 6761486, upload-time = "2026-05-01T23:31:14.511Z" },
    { url = "https://files.pythonhosted.org/packages/d0/ed/c92533b9124712d592cbf1cd6c76da933a2e0acea81dfe1fbe7e735f0cff/psycopg_binary-3.3.4-cp314-cp314-manylinux_2_38_riscv64.manylinux_2_39_riscv64.whl", hash = "sha256:514404ed543efd620c85602b747df2a23cf1241b4067199e1a66f2d2757aaa41", size = 4997427, upload-time = "2026-05-01T23:31:20.901Z" },
    { url = "https://files.pythonhosted.org/packages/a2/23/ccadfd0de416aa188356daa199453af24087b042e296088706d190ae0295/psycopg_binary-3.3.4-cp314-cp314-musllinux_1_2_aarch64.whl", hash = "sha256:46893c26858be12cc49ca4226ed6a60b4bfccadd946b3bebb783a60b38788228", size = 4533549, upload-time = "2026-05-01T23:31:26.204Z" },
    { url = "https://files.pythonhosted.org/packages/fd/a0/c8f43cee36386f7bc891ab41a9d31ea07cf9826038e732da79f26b1e5f34/psycopg_binary-3.3.4-cp314-cp314-musllinux_1_2_ppc64le.whl", hash = "sha256:df1d567fc430f6df15c9fcf67d87685fc49bdb325adc0db5af1adfb2f44eb5c9", size = 4210256, upload-time = "2026-05-01T23:31:33.884Z" },
    { url = "https://files.pythonhosted.org/packages/4e/2c/c1547871be3790676e8868b38655496422f94f0978dfb66b74bdba2f1676/psycopg_binary-3.3.4-cp314-cp314-musllinux_1_2_riscv64.whl", hash = "sha256:6b9016b1714da4dd5ecaaa75b82098aa5a0b87854ce9b092e21c27c4ae23e014", size = 3946204, upload-time = "2026-05-01T23:31:39.626Z" },
    { url = "https://files.pythonhosted.org/packages/c4/b1/f6670f00fa7ea601584623f6c11602ab92117d83eaff885e0210f6de7418/psycopg_binary-3.3.4-cp314-cp314-musllinux_1_2_x86_64.whl", hash = "sha256:47c656a8a7ba6eb0cff1801a4caaa9c8bdc12d03080e273aff1c8ac39971a77e", size = 4255811, upload-time = "2026-05-01T23:31:44.986Z" },
    { url = "https://files.pythonhosted.org/packages/eb/e6/5fff07a70d1f945ed90ae131c3bd76cab32beff7c58c6db15ad5820b6d1f/psycopg_binary-3.3.4-cp314-cp314-win_amd64.whl", hash = "sha256:c37e024c07308cd06cf3ec51bfd0e7f6157585a4d84d1bce4a7f5f7913719bf8", size = 3666849, upload-time = "2026-05-01T23:31:51.165Z" },
]

[[package]]
name = "semver"
version = "3.0.4"
source = { registry = "https://pypi.org/simple" }
sdist = { url = "https://files.pythonhosted.org/packages/72/d1/d3159231aec234a59dd7d601e9dd9fe96f3afff15efd33c1070019b26132/semver-3.0.4.tar.gz", hash = "sha256:afc7d8c584a5ed0a11033af086e8af226a9c0b206f313e0301f8dd7b6b589602", size = 269730, upload-time = "2025-01-24T13:19:27.617Z" }
wheels = [
    { url = "https://files.pythonhosted.org/packages/a6/24/4d91e05817e92e3a61c8a21e08fd0f390f5301f1c448b137c57c4bc6e543/semver-3.0.4-py3-none-any.whl", hash = "sha256:9c824d87ba7f7ab4a1890799cec8596f15c1241cb473404ea1cb0c55e4b04746", size = 17912, upload-time = "2025-01-24T13:19:24.949Z" },
]

[[package]]
name = "smartfood"
version = "0.0.0"
source = { virtual = "." }
dependencies = [
    { name = "django" },
    { name = "django-environ" },
    { name = "django-tailwind-cli" },
    { name = "gunicorn" },
    { name = "psycopg", extra = ["binary"] },
    { name = "whitenoise", extra = ["brotli"] },
]

[package.metadata]
requires-dist = [
    { name = "django", specifier = ">=6.1,<6.2" },
    { name = "django-environ", specifier = ">=0.12" },
    { name = "django-tailwind-cli", specifier = ">=4.8" },
    { name = "gunicorn", specifier = ">=23.0" },
    { name = "psycopg", extras = ["binary"], specifier = ">=3.3" },
    { name = "whitenoise", extras = ["brotli"], specifier = ">=6.9" },
]

[[package]]
name = "sqlparse"
version = "0.6.0"
source = { registry = "https://pypi.org/simple" }
sdist = { url = "https://files.pythonhosted.org/packages/5f/d3/3f06a1006f2261d1342aefb3c71eed02f5d4ca5bdbecd86ebc12ad38306e/sqlparse-0.6.0.tar.gz", hash = "sha256:113c35c75365ab9cc9c7231d68c6428fb11c085fc8e9eb1ad659b7ddbf6cd2b9", size = 178477, upload-time = "2026-08-13T19:16:06.396Z" }
wheels = [
    { url = "https://files.pythonhosted.org/packages/d9/50/f00935da0ec7cbf325f8dc4f772ae46fbc7b672dd62876e73f0a94adda57/sqlparse-0.6.0-py3-none-any.whl", hash = "sha256:b861c0288ce2fa56209a9a6412d2e066ac664b3873b89c26c9d8415e8e32996f", size = 50070, upload-time = "2026-08-13T19:16:04.062Z" },
]

[[package]]
name = "tzdata"
version = "2026.3"
source = { registry = "https://pypi.org/simple" }
sdist = { url = "https://files.pythonhosted.org/packages/92/ff/5a28bdfd8c3ebec42564ac7d0e54ca3db65044a9314a97f9564fa7a1e926/tzdata-2026.3.tar.gz", hash = "sha256:4a1518b8993086a7982523e071643f3c0e5f213e75b21318e78bcabfff9d1415", size = 198674, upload-time = "2026-07-10T08:50:37.887Z" }
wheels = [
    { url = "https://files.pythonhosted.org/packages/e5/6d/b53b99a9f2766d095985947a5782f1702cabb129a34f7a802d7197af832f/tzdata-2026.3-py2.py3-none-any.whl", hash = "sha256:dc096730c87af6cab1b171c9d532be840741ff5d459015e7f6947bd7d7e54931", size = 348168, upload-time = "2026-07-10T08:50:36.46Z" },
]

[[package]]
name = "whitenoise"
version = "6.12.0"
source = { registry = "https://pypi.org/simple" }
sdist = { url = "https://files.pythonhosted.org/packages/cb/2a/55b3f3a4ec326cd077c1c3defeee656b9298372a69229134d930151acd01/whitenoise-6.12.0.tar.gz", hash = "sha256:f723ebb76a112e98816ff80fcea0a6c9b8ecde835f8ddda25df7a30a3c2db6ad", size = 26841, upload-time = "2026-02-27T00:05:42.028Z" }
wheels = [
    { url = "https://files.pythonhosted.org/packages/db/eb/d5583a11486211f3ebd4b385545ae787f32363d453c19fffd81106c9c138/whitenoise-6.12.0-py3-none-any.whl", hash = "sha256:fc5e8c572e33ebf24795b47b6a7da8da3c00cff2349f5b04c02f28d0cc5a3cc2", size = 20302, upload-time = "2026-02-27T00:05:40.086Z" },
]

[package.optional-dependencies]
brotli = [
    { name = "brotli" },
]
